
Microsoft Visual Studio Solution File, Format Version 12.00
# Visual Studio Version 16
VisualStudioVersion = 16.0.30907.101
MinimumVisualStudioVersion = 15.0.26124.0
Project("{9A19103F-16F7-4668-BE54-9A1E7A4F7556}") = "FastDFS_WebApi_Sample", "FastDFS_WebApi_Sample\FastDFS_WebApi_Sample.csproj", "{3C02F5D6-704D-4D95-9343-072218E2550B}"
EndProject
Project("{FAE04EC0-301F-11D3-BF4B-00C04F79EFBC}") = "FastDFS_Console_Sample", "FastDFS_Console_Sample\FastDFS_Console_Sample.csproj", "{C72723ED-6626-4E7A-B09C-A08BF70837E0}"
EndProject
Global
	GlobalSection(SolutionConfigurationPlatforms) = preSolution
		Debug|Any CPU = Debug|Any CPU
		Debug|x64 = Debug|x64
		Debug|x86 = Debug|x86
		Release|Any CPU = Release|Any CPU
		Release|x64 = Release|x64
		Release|x86 = Release|x86
	EndGlobalSection
	GlobalSection(ProjectConfigurationPlatforms) = postSolution
		{3C02F5D6-704D-4D95-9343-072218E2550B}.Debug|Any CPU.ActiveCfg = Debug|Any CPU
		{3C02F5D6-704D-4D95-9343-072218E2550B}.Debug|Any CPU.Build.0 = Debug|Any CPU
		{3C02F5D6-704D-4D95-9343-072218E2550B}.Debug|x64.ActiveCfg = Debug|Any CPU
		{3C02F5D6-704D-4D95-9343-072218E2550B}.Debug|x64.Build.0 = Debug|Any CPU
		{3C02F5D6-704D-4D95-9343-072218E2550B}.Debug|x86.ActiveCfg = Debug|Any CPU
		{3C02F5D6-704D-4D95-9343-072218E2550B}.Debug|x86.Build.0 = Debug|Any CPU
		{3C02F5D6-704D-4D95-9343-072218E2550B}.Release|Any CPU.ActiveCfg = Release|Any CPU
		{3C02F5D6-704D-4D95-9343-072218E2550B}.Release|Any CPU.Build.0 = Release|Any CPU
		{3C02F5D6-704D-4D95-9343-072218E2550B}.Release|x64.ActiveCfg = Release|Any CPU
		{3C02F5D6-704D-4D95-9343-072218E2550B}.Release|x64.Build.0 = Release|Any CPU
		{3C02F5D6-704D-4D95-9343-072218E2550B}.Release|x86.ActiveCfg = Release|Any CPU
		{3C02F5D6-704D-4D95-9343-072218E2550B}.Release|x86.Build.0 = Release|Any CPU
		{C72723ED-6626-4E7A-B09C-A08BF70837E0}.Debug|Any CPU.ActiveCfg = Debug|Any CPU
		{C72723ED-6626-4E7A-B09C-A08BF70837E0}.Debug|Any CPU.Build.0 = Debug|Any CPU
		{C72723ED-6626-4E7A-B09C-A08BF70837E0}.Debug|x64.ActiveCfg = Debug|Any CPU
		{C72723ED-6626-4E7A-B09C-A08BF70837E0}.Debug|x64.Build.0 = Debug|Any CPU
		{C72723ED-6626-4E7A-B09C-A08BF70837E0}.Debug|x86.ActiveCfg = Debug|Any CPU
		{C72723ED-6626-4E7A-B09C-A08BF70837E0}.Debug|x86.Build.0 = Debug|Any CPU
		{C72723ED-6626-4E7A-B09C-A08BF70837E0}.Release|Any CPU.ActiveCfg = Release|Any CPU
		{C72723ED-6626-4E7A-B09C-A08BF70837E0}.Release|Any CPU.Build.0 = Release|Any CPU
		{C72723ED-6626-4E7A-B09C-A08BF70837E0}.Release|x64.ActiveCfg = Release|Any CPU
		{C72723ED-6626-4E7A-B09C-A08BF70837E0}.Release|x64.Build.0 = Release|Any CPU
		{C72723ED-6626-4E7A-B09C-A08BF70837E0}.Release|x86.ActiveCfg = Release|Any CPU
		{C72723ED-6626-4E7A-B09C-A08BF70837E0}.Release|x86.Build.0 = Release|Any CPU
	EndGlobalSection
	GlobalSection(SolutionProperties) = preSolution
		HideSolutionNode = FALSE
	EndGlobalSection
	GlobalSection(ExtensibilityGlobals) = postSolution
		SolutionGuid = {4FF5F27E-A710-4384-BFDC-030D9E01B574}
	EndGlobalSection
EndGlobal
